
Microsoft Visual Studio Solution File, Format Version 12.00
# Visual Studio 2012
Project("{FAE04EC0-301F-11D3-BF4B-00C04F79EFBC}") = "01Code_Only", "01Code_Only\01Code_Only.csproj", "{D46979FF-3CA8-4EF8-A071-2C191B03CEC2}"
EndProject
Project("{FAE04EC0-301F-11D3-BF4B-00C04F79EFBC}") = "02动态加载XAML文件", "02动态加载XAML文件\02动态加载XAML文件.csproj", "{3E248EA8-F76C-4F35-B468-7551FDA1FBB0}"
EndProject
Project("{FAE04EC0-301F-11D3-BF4B-00C04F79EFBC}") = "03GridSpriltter对象", "03GridSpriltter对象\03GridSpriltter对象.csproj", "{D2DDEA5E-9C5F-4CAA-BAB7-04EA2CDA3299}"
EndProject
Project("{FAE04EC0-301F-11D3-BF4B-00C04F79EFBC}") = "04共享尺寸组SharedSizeGroup", "04共享尺寸组SharedSizeGroup\04共享尺寸组SharedSizeGroup.csproj", "{E5578EF9-B4C6-4A95-ADEA-614A7B7F49F0}"
EndProject
Global
	GlobalSection(SolutionConfigurationPlatforms) = preSolution
		Debug|Any CPU = Debug|Any CPU
		Release|Any CPU = Release|Any CPU
	EndGlobalSection
	GlobalSection(ProjectConfigurationPlatforms) = postSolution
		{D46979FF-3CA8-4EF8-A071-2C191B03CEC2}.Debug|Any CPU.ActiveCfg = Debug|Any CPU
		{D46979FF-3CA8-4EF8-A071-2C191B03CEC2}.Debug|Any CPU.Build.0 = Debug|Any CPU
		{D46979FF-3CA8-4EF8-A071-2C191B03CEC2}.Release|Any CPU.ActiveCfg = Release|Any CPU
		{D46979FF-3CA8-4EF8-A071-2C191B03CEC2}.Release|Any CPU.Build.0 = Release|Any CPU
		{3E248EA8-F76C-4F35-B468-7551FDA1FBB0}.Debug|Any CPU.ActiveCfg = Debug|Any CPU
		{3E248EA8-F76C-4F35-B468-7551FDA1FBB0}.Debug|Any CPU.Build.0 = Debug|Any CPU
		{3E248EA8-F76C-4F35-B468-7551FDA1FBB0}.Release|Any CPU.ActiveCfg = Release|Any CPU
		{3E248EA8-F76C-4F35-B468-7551FDA1FBB0}.Release|Any CPU.Build.0 = Release|Any CPU
		{D2DDEA5E-9C5F-4CAA-BAB7-04EA2CDA3299}.Debug|Any CPU.ActiveCfg = Debug|Any CPU
		{D2DDEA5E-9C5F-4CAA-BAB7-04EA2CDA3299}.Debug|Any CPU.Build.0 = Debug|Any CPU
		{D2DDEA5E-9C5F-4CAA-BAB7-04EA2CDA3299}.Release|Any CPU.ActiveCfg = Release|Any CPU
		{D2DDEA5E-9C5F-4CAA-BAB7-04EA2CDA3299}.Release|Any CPU.Build.0 = Release|Any CPU
		{E5578EF9-B4C6-4A95-ADEA-614A7B7F49F0}.Debug|Any CPU.ActiveCfg = Debug|Any CPU
		{E5578EF9-B4C6-4A95-ADEA-614A7B7F49F0}.Debug|Any CPU.Build.0 = Debug|Any CPU
		{E5578EF9-B4C6-4A95-ADEA-614A7B7F49F0}.Release|Any CPU.ActiveCfg = Release|Any CPU
		{E5578EF9-B4C6-4A95-ADEA-614A7B7F49F0}.Release|Any CPU.Build.0 = Release|Any CPU
	EndGlobalSection
	GlobalSection(SolutionProperties) = preSolution
		HideSolutionNode = FALSE
	EndGlobalSection
EndGlobal
