
Microsoft Visual Studio Solution File, Format Version 12.00
# Visual Studio 15
VisualStudioVersion = 15.0.28307.168
MinimumVisualStudioVersion = 10.0.40219.1
Project("{FAE04EC0-301F-11D3-BF4B-00C04F79EFBC}") = "LM", "LM\LM.csproj", "{80B2E5F8-738C-4D45-B17C-95B96607215B}"
EndProject
Global
	GlobalSection(SolutionConfigurationPlatforms) = preSolution
		Debug|Any CPU = Debug|Any CPU
		Release|Any CPU = Release|Any CPU
	EndGlobalSection
	GlobalSection(ProjectConfigurationPlatforms) = postSolution
		{80B2E5F8-738C-4D45-B17C-95B96607215B}.Debug|Any CPU.ActiveCfg = Debug|Any CPU
		{80B2E5F8-738C-4D45-B17C-95B96607215B}.Debug|Any CPU.Build.0 = Debug|Any CPU
		{80B2E5F8-738C-4D45-B17C-95B96607215B}.Release|Any CPU.ActiveCfg = Release|Any CPU
		{80B2E5F8-738C-4D45-B17C-95B96607215B}.Release|Any CPU.Build.0 = Release|Any CPU
	EndGlobalSection
	GlobalSection(SolutionProperties) = preSolution
		HideSolutionNode = FALSE
	EndGlobalSection
	GlobalSection(ExtensibilityGlobals) = postSolution
		SolutionGuid = {29832CA4-CFF2-4848-94A8-C3F2335D877B}
	EndGlobalSection
EndGlobal
