
Microsoft Visual Studio Solution File, Format Version 12.00
# Visual Studio 2010
Project("{FAE04EC0-301F-11D3-BF4B-00C04F79EFBC}") = "01-WPF-布局-StackPanel栈布局", "01-WPF-布局\01-WPF-布局-StackPanel栈布局.csproj", "{8CCFB6D3-EE56-439B-90A4-153D67655DB0}"
EndProject
Project("{FAE04EC0-301F-11D3-BF4B-00C04F79EFBC}") = "Panel-WarpPanel", "Panel-WarpPanel\Panel-WarpPanel.csproj", "{904361B3-C0FF-43FB-8AC8-3FDBFE12AADA}"
EndProject
Project("{FAE04EC0-301F-11D3-BF4B-00C04F79EFBC}") = "Panel-DockPanel", "Panel-DockPanel\Panel-DockPanel.csproj", "{D9C0D596-E883-43F2-8625-B912A8507B25}"
EndProject
Project("{FAE04EC0-301F-11D3-BF4B-00C04F79EFBC}") = "Panel-Grid", "Panel-Grid\Panel-Grid.csproj", "{A0A32436-92D5-4E8D-8DF1-EBBAB3FCEC01}"
EndProject
Project("{FAE04EC0-301F-11D3-BF4B-00C04F79EFBC}") = "PanelDemo", "PanelDemo\PanelDemo.csproj", "{038BABCB-6DF0-4BDB-B6A8-172B2114B21F}"
EndProject
Project("{FAE04EC0-301F-11D3-BF4B-00C04F79EFBC}") = "GridTestDemo", "GridTestDemo\GridTestDemo.csproj", "{6BD79ED9-4524-4BE0-89A5-2EFFEDB63FBC}"
EndProject
Global
	GlobalSection(SolutionConfigurationPlatforms) = preSolution
		Debug|Any CPU = Debug|Any CPU
		Debug|Mixed Platforms = Debug|Mixed Platforms
		Debug|x86 = Debug|x86
		Release|Any CPU = Release|Any CPU
		Release|Mixed Platforms = Release|Mixed Platforms
		Release|x86 = Release|x86
	EndGlobalSection
	GlobalSection(ProjectConfigurationPlatforms) = postSolution
		{8CCFB6D3-EE56-439B-90A4-153D67655DB0}.Debug|Any CPU.ActiveCfg = Debug|Any CPU
		{8CCFB6D3-EE56-439B-90A4-153D67655DB0}.Debug|Any CPU.Build.0 = Debug|Any CPU
		{8CCFB6D3-EE56-439B-90A4-153D67655DB0}.Debug|Mixed Platforms.ActiveCfg = Debug|Any CPU
		{8CCFB6D3-EE56-439B-90A4-153D67655DB0}.Debug|Mixed Platforms.Build.0 = Debug|Any CPU
		{8CCFB6D3-EE56-439B-90A4-153D67655DB0}.Debug|x86.ActiveCfg = Debug|Any CPU
		{8CCFB6D3-EE56-439B-90A4-153D67655DB0}.Release|Any CPU.ActiveCfg = Release|Any CPU
		{8CCFB6D3-EE56-439B-90A4-153D67655DB0}.Release|Any CPU.Build.0 = Release|Any CPU
		{8CCFB6D3-EE56-439B-90A4-153D67655DB0}.Release|Mixed Platforms.ActiveCfg = Release|Any CPU
		{8CCFB6D3-EE56-439B-90A4-153D67655DB0}.Release|Mixed Platforms.Build.0 = Release|Any CPU
		{8CCFB6D3-EE56-439B-90A4-153D67655DB0}.Release|x86.ActiveCfg = Release|Any CPU
		{904361B3-C0FF-43FB-8AC8-3FDBFE12AADA}.Debug|Any CPU.ActiveCfg = Debug|Any CPU
		{904361B3-C0FF-43FB-8AC8-3FDBFE12AADA}.Debug|Any CPU.Build.0 = Debug|Any CPU
		{904361B3-C0FF-43FB-8AC8-3FDBFE12AADA}.Debug|Mixed Platforms.ActiveCfg = Debug|Any CPU
		{904361B3-C0FF-43FB-8AC8-3FDBFE12AADA}.Debug|Mixed Platforms.Build.0 = Debug|Any CPU
		{904361B3-C0FF-43FB-8AC8-3FDBFE12AADA}.Debug|x86.ActiveCfg = Debug|Any CPU
		{904361B3-C0FF-43FB-8AC8-3FDBFE12AADA}.Release|Any CPU.ActiveCfg = Release|Any CPU
		{904361B3-C0FF-43FB-8AC8-3FDBFE12AADA}.Release|Any CPU.Build.0 = Release|Any CPU
		{904361B3-C0FF-43FB-8AC8-3FDBFE12AADA}.Release|Mixed Platforms.ActiveCfg = Release|Any CPU
		{904361B3-C0FF-43FB-8AC8-3FDBFE12AADA}.Release|Mixed Platforms.Build.0 = Release|Any CPU
		{904361B3-C0FF-43FB-8AC8-3FDBFE12AADA}.Release|x86.ActiveCfg = Release|Any CPU
		{D9C0D596-E883-43F2-8625-B912A8507B25}.Debug|Any CPU.ActiveCfg = Debug|Any CPU
		{D9C0D596-E883-43F2-8625-B912A8507B25}.Debug|Any CPU.Build.0 = Debug|Any CPU
		{D9C0D596-E883-43F2-8625-B912A8507B25}.Debug|Mixed Platforms.ActiveCfg = Debug|Any CPU
		{D9C0D596-E883-43F2-8625-B912A8507B25}.Debug|Mixed Platforms.Build.0 = Debug|Any CPU
		{D9C0D596-E883-43F2-8625-B912A8507B25}.Debug|x86.ActiveCfg = Debug|Any CPU
		{D9C0D596-E883-43F2-8625-B912A8507B25}.Release|Any CPU.ActiveCfg = Release|Any CPU
		{D9C0D596-E883-43F2-8625-B912A8507B25}.Release|Any CPU.Build.0 = Release|Any CPU
		{D9C0D596-E883-43F2-8625-B912A8507B25}.Release|Mixed Platforms.ActiveCfg = Release|Any CPU
		{D9C0D596-E883-43F2-8625-B912A8507B25}.Release|Mixed Platforms.Build.0 = Release|Any CPU
		{D9C0D596-E883-43F2-8625-B912A8507B25}.Release|x86.ActiveCfg = Release|Any CPU
		{A0A32436-92D5-4E8D-8DF1-EBBAB3FCEC01}.Debug|Any CPU.ActiveCfg = Debug|Any CPU
		{A0A32436-92D5-4E8D-8DF1-EBBAB3FCEC01}.Debug|Any CPU.Build.0 = Debug|Any CPU
		{A0A32436-92D5-4E8D-8DF1-EBBAB3FCEC01}.Debug|Mixed Platforms.ActiveCfg = Debug|Any CPU
		{A0A32436-92D5-4E8D-8DF1-EBBAB3FCEC01}.Debug|Mixed Platforms.Build.0 = Debug|Any CPU
		{A0A32436-92D5-4E8D-8DF1-EBBAB3FCEC01}.Debug|x86.ActiveCfg = Debug|Any CPU
		{A0A32436-92D5-4E8D-8DF1-EBBAB3FCEC01}.Release|Any CPU.ActiveCfg = Release|Any CPU
		{A0A32436-92D5-4E8D-8DF1-EBBAB3FCEC01}.Release|Any CPU.Build.0 = Release|Any CPU
		{A0A32436-92D5-4E8D-8DF1-EBBAB3FCEC01}.Release|Mixed Platforms.ActiveCfg = Release|Any CPU
		{A0A32436-92D5-4E8D-8DF1-EBBAB3FCEC01}.Release|Mixed Platforms.Build.0 = Release|Any CPU
		{A0A32436-92D5-4E8D-8DF1-EBBAB3FCEC01}.Release|x86.ActiveCfg = Release|Any CPU
		{038BABCB-6DF0-4BDB-B6A8-172B2114B21F}.Debug|Any CPU.ActiveCfg = Debug|Any CPU
		{038BABCB-6DF0-4BDB-B6A8-172B2114B21F}.Debug|Any CPU.Build.0 = Debug|Any CPU
		{038BABCB-6DF0-4BDB-B6A8-172B2114B21F}.Debug|Mixed Platforms.ActiveCfg = Debug|Any CPU
		{038BABCB-6DF0-4BDB-B6A8-172B2114B21F}.Debug|Mixed Platforms.Build.0 = Debug|Any CPU
		{038BABCB-6DF0-4BDB-B6A8-172B2114B21F}.Debug|x86.ActiveCfg = Debug|Any CPU
		{038BABCB-6DF0-4BDB-B6A8-172B2114B21F}.Release|Any CPU.ActiveCfg = Release|Any CPU
		{038BABCB-6DF0-4BDB-B6A8-172B2114B21F}.Release|Any CPU.Build.0 = Release|Any CPU
		{038BABCB-6DF0-4BDB-B6A8-172B2114B21F}.Release|Mixed Platforms.ActiveCfg = Release|Any CPU
		{038BABCB-6DF0-4BDB-B6A8-172B2114B21F}.Release|Mixed Platforms.Build.0 = Release|Any CPU
		{038BABCB-6DF0-4BDB-B6A8-172B2114B21F}.Release|x86.ActiveCfg = Release|Any CPU
		{6BD79ED9-4524-4BE0-89A5-2EFFEDB63FBC}.Debug|Any CPU.ActiveCfg = Debug|x86
		{6BD79ED9-4524-4BE0-89A5-2EFFEDB63FBC}.Debug|Mixed Platforms.ActiveCfg = Debug|x86
		{6BD79ED9-4524-4BE0-89A5-2EFFEDB63FBC}.Debug|Mixed Platforms.Build.0 = Debug|x86
		{6BD79ED9-4524-4BE0-89A5-2EFFEDB63FBC}.Debug|x86.ActiveCfg = Debug|x86
		{6BD79ED9-4524-4BE0-89A5-2EFFEDB63FBC}.Debug|x86.Build.0 = Debug|x86
		{6BD79ED9-4524-4BE0-89A5-2EFFEDB63FBC}.Release|Any CPU.ActiveCfg = Release|x86
		{6BD79ED9-4524-4BE0-89A5-2EFFEDB63FBC}.Release|Mixed Platforms.ActiveCfg = Release|x86
		{6BD79ED9-4524-4BE0-89A5-2EFFEDB63FBC}.Release|Mixed Platforms.Build.0 = Release|x86
		{6BD79ED9-4524-4BE0-89A5-2EFFEDB63FBC}.Release|x86.ActiveCfg = Release|x86
		{6BD79ED9-4524-4BE0-89A5-2EFFEDB63FBC}.Release|x86.Build.0 = Release|x86
	EndGlobalSection
	GlobalSection(SolutionProperties) = preSolution
		HideSolutionNode = FALSE
	EndGlobalSection
EndGlobal
