
Microsoft Visual Studio Solution File, Format Version 12.00
# Visual Studio 2012
Project("{FAE04EC0-301F-11D3-BF4B-00C04F79EFBC}") = "MVVMDemo", "MVVMDemo\MVVMDemo.csproj", "{6F0FBBF2-E7DD-4237-9C52-4F6297CEA997}"
EndProject
Project("{FAE04EC0-301F-11D3-BF4B-00C04F79EFBC}") = "SimpleMVVMDemoWPF", "SimpleMVVMDemoWPF\SimpleMVVMDemoWPF.csproj", "{D8EBE045-3359-4ADA-A662-62203B0F80B5}"
EndProject
Global
	GlobalSection(SolutionConfigurationPlatforms) = preSolution
		Debug|Any CPU = Debug|Any CPU
		Release|Any CPU = Release|Any CPU
	EndGlobalSection
	GlobalSection(ProjectConfigurationPlatforms) = postSolution
		{6F0FBBF2-E7DD-4237-9C52-4F6297CEA997}.Debug|Any CPU.ActiveCfg = Debug|Any CPU
		{6F0FBBF2-E7DD-4237-9C52-4F6297CEA997}.Debug|Any CPU.Build.0 = Debug|Any CPU
		{6F0FBBF2-E7DD-4237-9C52-4F6297CEA997}.Release|Any CPU.ActiveCfg = Release|Any CPU
		{6F0FBBF2-E7DD-4237-9C52-4F6297CEA997}.Release|Any CPU.Build.0 = Release|Any CPU
		{D8EBE045-3359-4ADA-A662-62203B0F80B5}.Debug|Any CPU.ActiveCfg = Debug|Any CPU
		{D8EBE045-3359-4ADA-A662-62203B0F80B5}.Debug|Any CPU.Build.0 = Debug|Any CPU
		{D8EBE045-3359-4ADA-A662-62203B0F80B5}.Release|Any CPU.ActiveCfg = Release|Any CPU
		{D8EBE045-3359-4ADA-A662-62203B0F80B5}.Release|Any CPU.Build.0 = Release|Any CPU
	EndGlobalSection
	GlobalSection(SolutionProperties) = preSolution
		HideSolutionNode = FALSE
	EndGlobalSection
EndGlobal
