
Microsoft Visual Studio Solution File, Format Version 12.00
# Visual Studio 2012
Project("{FAE04EC0-301F-11D3-BF4B-00C04F79EFBC}") = "ApplicationDemos", "ApplicationDemos\ApplicationDemos.csproj", "{A03F9205-4232-4E2D-B8EC-B691BB3C3C71}"
EndProject
Global
	GlobalSection(SolutionConfigurationPlatforms) = preSolution
		Debug|Any CPU = Debug|Any CPU
		Release|Any CPU = Release|Any CPU
	EndGlobalSection
	GlobalSection(ProjectConfigurationPlatforms) = postSolution
		{A03F9205-4232-4E2D-B8EC-B691BB3C3C71}.Debug|Any CPU.ActiveCfg = Debug|Any CPU
		{A03F9205-4232-4E2D-B8EC-B691BB3C3C71}.Debug|Any CPU.Build.0 = Debug|Any CPU
		{A03F9205-4232-4E2D-B8EC-B691BB3C3C71}.Release|Any CPU.ActiveCfg = Release|Any CPU
		{A03F9205-4232-4E2D-B8EC-B691BB3C3C71}.Release|Any CPU.Build.0 = Release|Any CPU
	EndGlobalSection
	GlobalSection(SolutionProperties) = preSolution
		HideSolutionNode = FALSE
	EndGlobalSection
EndGlobal
