
Microsoft Visual Studio Solution File, Format Version 12.00
# Visual Studio 2012
Project("{FAE04EC0-301F-11D3-BF4B-00C04F79EFBC}") = "命令", "命令\命令.csproj", "{0B7B3F85-0C75-4CDE-8623-32270108EB90}"
EndProject
Project("{FAE04EC0-301F-11D3-BF4B-00C04F79EFBC}") = "WPF中的内置命令", "WPF中的内置命令\WPF中的内置命令.csproj", "{2D58233B-7729-419F-A224-66490BD25469}"
EndProject
Global
	GlobalSection(SolutionConfigurationPlatforms) = preSolution
		Debug|Any CPU = Debug|Any CPU
		Release|Any CPU = Release|Any CPU
	EndGlobalSection
	GlobalSection(ProjectConfigurationPlatforms) = postSolution
		{0B7B3F85-0C75-4CDE-8623-32270108EB90}.Debug|Any CPU.ActiveCfg = Debug|Any CPU
		{0B7B3F85-0C75-4CDE-8623-32270108EB90}.Debug|Any CPU.Build.0 = Debug|Any CPU
		{0B7B3F85-0C75-4CDE-8623-32270108EB90}.Release|Any CPU.ActiveCfg = Release|Any CPU
		{0B7B3F85-0C75-4CDE-8623-32270108EB90}.Release|Any CPU.Build.0 = Release|Any CPU
		{2D58233B-7729-419F-A224-66490BD25469}.Debug|Any CPU.ActiveCfg = Debug|Any CPU
		{2D58233B-7729-419F-A224-66490BD25469}.Debug|Any CPU.Build.0 = Debug|Any CPU
		{2D58233B-7729-419F-A224-66490BD25469}.Release|Any CPU.ActiveCfg = Release|Any CPU
		{2D58233B-7729-419F-A224-66490BD25469}.Release|Any CPU.Build.0 = Release|Any CPU
	EndGlobalSection
	GlobalSection(SolutionProperties) = preSolution
		HideSolutionNode = FALSE
	EndGlobalSection
EndGlobal
