
Microsoft Visual Studio Solution File, Format Version 12.00
# Visual Studio 2012
Project("{FAE04EC0-301F-11D3-BF4B-00C04F79EFBC}") = "WPF中的数据绑定", "WPF中的数据绑定\WPF中的数据绑定.csproj", "{7537EA46-AB22-4D79-AB4C-7FBF35B282C7}"
EndProject
Global
	GlobalSection(SolutionConfigurationPlatforms) = preSolution
		Debug|Any CPU = Debug|Any CPU
		Release|Any CPU = Release|Any CPU
	EndGlobalSection
	GlobalSection(ProjectConfigurationPlatforms) = postSolution
		{7537EA46-AB22-4D79-AB4C-7FBF35B282C7}.Debug|Any CPU.ActiveCfg = Debug|Any CPU
		{7537EA46-AB22-4D79-AB4C-7FBF35B282C7}.Debug|Any CPU.Build.0 = Debug|Any CPU
		{7537EA46-AB22-4D79-AB4C-7FBF35B282C7}.Release|Any CPU.ActiveCfg = Release|Any CPU
		{7537EA46-AB22-4D79-AB4C-7FBF35B282C7}.Release|Any CPU.Build.0 = Release|Any CPU
	EndGlobalSection
	GlobalSection(SolutionProperties) = preSolution
		HideSolutionNode = FALSE
	EndGlobalSection
EndGlobal
