
Microsoft Visual Studio Solution File, Format Version 12.00
# Visual Studio 15
VisualStudioVersion = 15.0.28307.168
MinimumVisualStudioVersion = 10.0.40219.1
Project("{9A19103F-16F7-4668-BE54-9A1E7A4F7556}") = "RomanNumber", "RomanNumber\RomanNumber.csproj", "{4E286522-EEA2-45E0-B160-7822E1C05431}"
EndProject
Project("{9A19103F-16F7-4668-BE54-9A1E7A4F7556}") = "RomanNumberUnitTest", "RomanNumberUnitTest\RomanNumberUnitTest.csproj", "{FF1FB529-B5E4-48FC-9896-53BF92F7FE37}"
EndProject
Global
	GlobalSection(SolutionConfigurationPlatforms) = preSolution
		Debug|Any CPU = Debug|Any CPU
		Release|Any CPU = Release|Any CPU
	EndGlobalSection
	GlobalSection(ProjectConfigurationPlatforms) = postSolution
		{4E286522-EEA2-45E0-B160-7822E1C05431}.Debug|Any CPU.ActiveCfg = Debug|Any CPU
		{4E286522-EEA2-45E0-B160-7822E1C05431}.Debug|Any CPU.Build.0 = Debug|Any CPU
		{4E286522-EEA2-45E0-B160-7822E1C05431}.Release|Any CPU.ActiveCfg = Release|Any CPU
		{4E286522-EEA2-45E0-B160-7822E1C05431}.Release|Any CPU.Build.0 = Release|Any CPU
		{FF1FB529-B5E4-48FC-9896-53BF92F7FE37}.Debug|Any CPU.ActiveCfg = Debug|Any CPU
		{FF1FB529-B5E4-48FC-9896-53BF92F7FE37}.Debug|Any CPU.Build.0 = Debug|Any CPU
		{FF1FB529-B5E4-48FC-9896-53BF92F7FE37}.Release|Any CPU.ActiveCfg = Release|Any CPU
		{FF1FB529-B5E4-48FC-9896-53BF92F7FE37}.Release|Any CPU.Build.0 = Release|Any CPU
	EndGlobalSection
	GlobalSection(SolutionProperties) = preSolution
		HideSolutionNode = FALSE
	EndGlobalSection
	GlobalSection(ExtensibilityGlobals) = postSolution
		SolutionGuid = {A50A9F80-03F3-4231-BFE1-6BAFA8C868F1}
	EndGlobalSection
EndGlobal
