
Microsoft Visual Studio Solution File, Format Version 12.00
# Visual Studio 15
VisualStudioVersion = 15.0.28010.2048
MinimumVisualStudioVersion = 10.0.40219.1
Project("{9A19103F-16F7-4668-BE54-9A1E7A4F7556}") = "EFCoreDBFirst", "EFCoreDBFirst\EFCoreDBFirst.csproj", "{D44173FD-B09A-479D-9E7D-CF4AEB2398EE}"
EndProject
Project("{9A19103F-16F7-4668-BE54-9A1E7A4F7556}") = "WebAPI", "WebAPI\WebAPI.csproj", "{A3BD28B5-BAF4-4292-BE19-FAB6AE0337B5}"
EndProject
Project("{9A19103F-16F7-4668-BE54-9A1E7A4F7556}") = "TypeScriptPractice", "TypeScriptPractice\TypeScriptPractice.csproj", "{589F2C4C-1CC7-4779-9AF5-2E22D434BA76}"
EndProject
Project("{9A19103F-16F7-4668-BE54-9A1E7A4F7556}") = "Angular", "Angular\Angular.csproj", "{E5BAA5BA-059D-4A43-871B-D49C4AF74EAB}"
EndProject
Project("{FAE04EC0-301F-11D3-BF4B-00C04F79EFBC}") = "DotNetCoreWithAngular4", "DotNetCoreWithAngular4\DotNetCoreWithAngular4.csproj", "{AD66258E-D3CF-48ED-819C-B911FFC1DF8E}"
EndProject
Global
	GlobalSection(SolutionConfigurationPlatforms) = preSolution
		Debug|Any CPU = Debug|Any CPU
		Release|Any CPU = Release|Any CPU
	EndGlobalSection
	GlobalSection(ProjectConfigurationPlatforms) = postSolution
		{D44173FD-B09A-479D-9E7D-CF4AEB2398EE}.Debug|Any CPU.ActiveCfg = Debug|Any CPU
		{D44173FD-B09A-479D-9E7D-CF4AEB2398EE}.Debug|Any CPU.Build.0 = Debug|Any CPU
		{D44173FD-B09A-479D-9E7D-CF4AEB2398EE}.Release|Any CPU.ActiveCfg = Release|Any CPU
		{D44173FD-B09A-479D-9E7D-CF4AEB2398EE}.Release|Any CPU.Build.0 = Release|Any CPU
		{A3BD28B5-BAF4-4292-BE19-FAB6AE0337B5}.Debug|Any CPU.ActiveCfg = Debug|Any CPU
		{A3BD28B5-BAF4-4292-BE19-FAB6AE0337B5}.Debug|Any CPU.Build.0 = Debug|Any CPU
		{A3BD28B5-BAF4-4292-BE19-FAB6AE0337B5}.Release|Any CPU.ActiveCfg = Release|Any CPU
		{A3BD28B5-BAF4-4292-BE19-FAB6AE0337B5}.Release|Any CPU.Build.0 = Release|Any CPU
		{589F2C4C-1CC7-4779-9AF5-2E22D434BA76}.Debug|Any CPU.ActiveCfg = Debug|Any CPU
		{589F2C4C-1CC7-4779-9AF5-2E22D434BA76}.Debug|Any CPU.Build.0 = Debug|Any CPU
		{589F2C4C-1CC7-4779-9AF5-2E22D434BA76}.Release|Any CPU.ActiveCfg = Release|Any CPU
		{589F2C4C-1CC7-4779-9AF5-2E22D434BA76}.Release|Any CPU.Build.0 = Release|Any CPU
		{E5BAA5BA-059D-4A43-871B-D49C4AF74EAB}.Debug|Any CPU.ActiveCfg = Debug|Any CPU
		{E5BAA5BA-059D-4A43-871B-D49C4AF74EAB}.Debug|Any CPU.Build.0 = Debug|Any CPU
		{E5BAA5BA-059D-4A43-871B-D49C4AF74EAB}.Release|Any CPU.ActiveCfg = Release|Any CPU
		{E5BAA5BA-059D-4A43-871B-D49C4AF74EAB}.Release|Any CPU.Build.0 = Release|Any CPU
		{AD66258E-D3CF-48ED-819C-B911FFC1DF8E}.Debug|Any CPU.ActiveCfg = Debug|Any CPU
		{AD66258E-D3CF-48ED-819C-B911FFC1DF8E}.Debug|Any CPU.Build.0 = Debug|Any CPU
		{AD66258E-D3CF-48ED-819C-B911FFC1DF8E}.Release|Any CPU.ActiveCfg = Release|Any CPU
		{AD66258E-D3CF-48ED-819C-B911FFC1DF8E}.Release|Any CPU.Build.0 = Release|Any CPU
	EndGlobalSection
	GlobalSection(SolutionProperties) = preSolution
		HideSolutionNode = FALSE
	EndGlobalSection
	GlobalSection(ExtensibilityGlobals) = postSolution
		SolutionGuid = {D64DFFC0-1CA2-48CD-BABF-F7E8F18DEB02}
	EndGlobalSection
EndGlobal
